// !$*UTF8*$!
{
	archiveVersion = 1;
	classes = {
	};
	objectVersion = 77;
	objects = {

/* Begin PBXBuildFile section */
		7547437C2CF9980000CFEAC5 /* skorowidz.c in Sources */ = {isa = PBXBuildFile; fileRef = 7547436F2CF997D700CFEAC5 /* skorowidz.c */; };
		7547437D2CF9980400CFEAC5 /* compare.c in Sources */ = {isa = PBXBuildFile; fileRef = 7547435C2CF997D700CFEAC5 /* compare.c */; };
		7547437E2CF9980A00CFEAC5 /* fifo_t.c in Sources */ = {isa = PBXBuildFile; fileRef = 7547435D2CF997D700CFEAC5 /* fifo_t.c */; };
		7547437F2CF9980A00CFEAC5 /* kw_t.c in Sources */ = {isa = PBXBuildFile; fileRef = 7547435E2CF997D700CFEAC5 /* kw_t.c */; };
		754743802CF9980A00CFEAC5 /* load_file.c in Sources */ = {isa = PBXBuildFile; fileRef = 7547435F2CF997D700CFEAC5 /* load_file.c */; };
		754743812CF9980A00CFEAC5 /* search.c in Sources */ = {isa = PBXBuildFile; fileRef = 754743602CF997D700CFEAC5 /* search.c */; };
		754743822CF9980A00CFEAC5 /* sort.c in Sources */ = {isa = PBXBuildFile; fileRef = 754743612CF997D700CFEAC5 /* sort.c */; };
/* End PBXBuildFile section */

/* Begin PBXCopyFilesBuildPhase section */
		754743482CF997CB00CFEAC5 /* CopyFiles */ = {
			isa = PBXCopyFilesBuildPhase;
			buildActionMask = 2147483647;
			dstPath = /usr/share/man/man1/;
			dstSubfolderSpec = 0;
			files = (
			);
			runOnlyForDeploymentPostprocessing = 1;
		};
/* End PBXCopyFilesBuildPhase section */

/* Begin PBXFileReference section */
		7547434A2CF997CB00CFEAC5 /* Skorowidz */ = {isa = PBXFileReference; explicitFileType = "compiled.mach-o.executable"; includeInIndex = 0; path = Skorowidz; sourceTree = BUILT_PRODUCTS_DIR; };
		754743542CF997D700CFEAC5 /* compare.h */ = {isa = PBXFileReference; lastKnownFileType = sourcecode.c.h; path = compare.h; sourceTree = "<group>"; };
		754743552CF997D700CFEAC5 /* fifo_t.h */ = {isa = PBXFileReference; lastKnownFileType = sourcecode.c.h; path = fifo_t.h; sourceTree = "<group>"; };
		754743562CF997D700CFEAC5 /* kw_t.h */ = {isa = PBXFileReference; lastKnownFileType = sourcecode.c.h; path = kw_t.h; sourceTree = "<group>"; };
		754743572CF997D700CFEAC5 /* load_file.h */ = {isa = PBXFileReference; lastKnownFileType = sourcecode.c.h; path = load_file.h; sourceTree = "<group>"; };
		754743582CF997D700CFEAC5 /* search.h */ = {isa = PBXFileReference; lastKnownFileType = sourcecode.c.h; path = search.h; sourceTree = "<group>"; };
		754743592CF997D700CFEAC5 /* sort.h */ = {isa = PBXFileReference; lastKnownFileType = sourcecode.c.h; path = sort.h; sourceTree = "<group>"; };
		7547435A2CF997D700CFEAC5 /* test.h */ = {isa = PBXFileReference; lastKnownFileType = sourcecode.c.h; path = test.h; sourceTree = "<group>"; };
		7547435C2CF997D700CFEAC5 /* compare.c */ = {isa = PBXFileReference; lastKnownFileType = sourcecode.c.c; path = compare.c; sourceTree = "<group>"; };
		7547435D2CF997D700CFEAC5 /* fifo_t.c */ = {isa = PBXFileReference; lastKnownFileType = sourcecode.c.c; path = fifo_t.c; sourceTree = "<group>"; };
		7547435E2CF997D700CFEAC5 /* kw_t.c */ = {isa = PBXFileReference; lastKnownFileType = sourcecode.c.c; path = kw_t.c; sourceTree = "<group>"; };
		7547435F2CF997D700CFEAC5 /* load_file.c */ = {isa = PBXFileReference; lastKnownFileType = sourcecode.c.c; path = load_file.c; sourceTree = "<group>"; };
		754743602CF997D700CFEAC5 /* search.c */ = {isa = PBXFileReference; lastKnownFileType = sourcecode.c.c; path = search.c; sourceTree = "<group>"; };
		754743612CF997D700CFEAC5 /* sort.c */ = {isa = PBXFileReference; lastKnownFileType = sourcecode.c.c; path = sort.c; sourceTree = "<group>"; };
		754743632CF997D700CFEAC5 /* compare_test.c */ = {isa = PBXFileReference; lastKnownFileType = sourcecode.c.c; path = compare_test.c; sourceTree = "<group>"; };
		754743642CF997D700CFEAC5 /* fifo_t.c */ = {isa = PBXFileReference; lastKnownFileType = sourcecode.c.c; path = fifo_t.c; sourceTree = "<group>"; };
		754743652CF997D700CFEAC5 /* kw_t_test.c */ = {isa = PBXFileReference; lastKnownFileType = sourcecode.c.c; path = kw_t_test.c; sourceTree = "<group>"; };
		754743662CF997D700CFEAC5 /* test.c */ = {isa = PBXFileReference; lastKnownFileType = sourcecode.c.c; path = test.c; sourceTree = "<group>"; };
		7547436B2CF997D700CFEAC5 /* .gitignore */ = {isa = PBXFileReference; lastKnownFileType = text; path = .gitignore; sourceTree = "<group>"; };
		7547436C2CF997D700CFEAC5 /* CMakeLists.txt */ = {isa = PBXFileReference; lastKnownFileType = text; path = CMakeLists.txt; sourceTree = "<group>"; };
		7547436D2CF997D700CFEAC5 /* LICENSE */ = {isa = PBXFileReference; lastKnownFileType = text; path = LICENSE; sourceTree = "<group>"; };
		7547436E2CF997D700CFEAC5 /* README.md */ = {isa = PBXFileReference; lastKnownFileType = net.daringfireball.markdown; path = README.md; sourceTree = "<group>"; };
		7547436F2CF997D700CFEAC5 /* skorowidz.c */ = {isa = PBXFileReference; lastKnownFileType = sourcecode.c.c; path = skorowidz.c; sourceTree = "<group>"; };
		754743862CF9995C00CFEAC5 /* dane.3 */ = {isa = PBXFileReference; lastKnownFileType = text; path = dane.3; sourceTree = "<group>"; };
		75C7A7CA2D0070A200AE2094 /* compare.h */ = {isa = PBXFileReference; lastKnownFileType = sourcecode.c.h; path = compare.h; sourceTree = "<group>"; };
		75C7A7CB2D0070A200AE2094 /* fifo_t.h */ = {isa = PBXFileReference; lastKnownFileType = sourcecode.c.h; path = fifo_t.h; sourceTree = "<group>"; };
		75C7A7CC2D0070A200AE2094 /* kw_t.h */ = {isa = PBXFileReference; lastKnownFileType = sourcecode.c.h; path = kw_t.h; sourceTree = "<group>"; };
		75C7A7CD2D0070A200AE2094 /* load_file.h */ = {isa = PBXFileReference; lastKnownFileType = sourcecode.c.h; path = load_file.h; sourceTree = "<group>"; };
		75C7A7CE2D0070A200AE2094 /* search.h */ = {isa = PBXFileReference; lastKnownFileType = sourcecode.c.h; path = search.h; sourceTree = "<group>"; };
		75C7A7CF2D0070A200AE2094 /* sort.h */ = {isa = PBXFileReference; lastKnownFileType = sourcecode.c.h; path = sort.h; sourceTree = "<group>"; };
		75C7A7D02D0070A200AE2094 /* test.h */ = {isa = PBXFileReference; lastKnownFileType = sourcecode.c.h; path = test.h; sourceTree = "<group>"; };
		75C7A7D22D0070A200AE2094 /* compare.c */ = {isa = PBXFileReference; lastKnownFileType = sourcecode.c.c; path = compare.c; sourceTree = "<group>"; };
		75C7A7D32D0070A200AE2094 /* fifo_t.c */ = {isa = PBXFileReference; lastKnownFileType = sourcecode.c.c; path = fifo_t.c; sourceTree = "<group>"; };
		75C7A7D42D0070A200AE2094 /* kw_t.c */ = {isa = PBXFileReference; lastKnownFileType = sourcecode.c.c; path = kw_t.c; sourceTree = "<group>"; };
		75C7A7D52D0070A200AE2094 /* load_file.c */ = {isa = PBXFileReference; lastKnownFileType = sourcecode.c.c; path = load_file.c; sourceTree = "<group>"; };
		75C7A7D62D0070A200AE2094 /* search.c */ = {isa = PBXFileReference; lastKnownFileType = sourcecode.c.c; path = search.c; sourceTree = "<group>"; };
		75C7A7D72D0070A200AE2094 /* sort.c */ = {isa = PBXFileReference; lastKnownFileType = sourcecode.c.c; path = sort.c; sourceTree = "<group>"; };
		75C7A7D92D0070A200AE2094 /* compare_test.c */ = {isa = PBXFileReference; lastKnownFileType = sourcecode.c.c; path = compare_test.c; sourceTree = "<group>"; };
		75C7A7DA2D0070A200AE2094 /* fifo_t.c */ = {isa = PBXFileReference; lastKnownFileType = sourcecode.c.c; path = fifo_t.c; sourceTree = "<group>"; };
		75C7A7DB2D0070A200AE2094 /* kw_t_test.c */ = {isa = PBXFileReference; lastKnownFileType = sourcecode.c.c; path = kw_t_test.c; sourceTree = "<group>"; };
		75C7A7DC2D0070A200AE2094 /* test.c */ = {isa = PBXFileReference; lastKnownFileType = sourcecode.c.c; path = test.c; sourceTree = "<group>"; };
/* End PBXFileReference section */

/* Begin PBXFrameworksBuildPhase section */
		754743472CF997CB00CFEAC5 /* Frameworks */ = {
			isa = PBXFrameworksBuildPhase;
			buildActionMask = 2147483647;
			files = (
			);
			runOnlyForDeploymentPostprocessing = 0;
		};
/* End PBXFrameworksBuildPhase section */

/* Begin PBXGroup section */
		754743412CF997CB00CFEAC5 = {
			isa = PBXGroup;
			children = (
				754743702CF997D700CFEAC5 /* Skorowidz_JIMP1-master */,
				7547434B2CF997CB00CFEAC5 /* Products */,
				75C7A7DF2D0070A200AE2094 /* Skorowidz */,
			);
			sourceTree = "<group>";
		};
		7547434B2CF997CB00CFEAC5 /* Products */ = {
			isa = PBXGroup;
			children = (
				7547434A2CF997CB00CFEAC5 /* Skorowidz */,
			);
			name = Products;
			sourceTree = "<group>";
		};
		7547435B2CF997D700CFEAC5 /* Headers */ = {
			isa = PBXGroup;
			children = (
				754743542CF997D700CFEAC5 /* compare.h */,
				754743552CF997D700CFEAC5 /* fifo_t.h */,
				754743562CF997D700CFEAC5 /* kw_t.h */,
				754743572CF997D700CFEAC5 /* load_file.h */,
				754743582CF997D700CFEAC5 /* search.h */,
				754743592CF997D700CFEAC5 /* sort.h */,
				7547435A2CF997D700CFEAC5 /* test.h */,
			);
			path = Headers;
			sourceTree = "<group>";
		};
		754743622CF997D700CFEAC5 /* Sources */ = {
			isa = PBXGroup;
			children = (
				7547435C2CF997D700CFEAC5 /* compare.c */,
				7547435D2CF997D700CFEAC5 /* fifo_t.c */,
				7547435E2CF997D700CFEAC5 /* kw_t.c */,
				7547435F2CF997D700CFEAC5 /* load_file.c */,
				754743602CF997D700CFEAC5 /* search.c */,
				754743612CF997D700CFEAC5 /* sort.c */,
			);
			path = Sources;
			sourceTree = "<group>";
		};
		754743672CF997D700CFEAC5 /* Unit Tests */ = {
			isa = PBXGroup;
			children = (
				754743632CF997D700CFEAC5 /* compare_test.c */,
				754743642CF997D700CFEAC5 /* fifo_t.c */,
				754743652CF997D700CFEAC5 /* kw_t_test.c */,
				754743662CF997D700CFEAC5 /* test.c */,
			);
			path = "Unit Tests";
			sourceTree = "<group>";
		};
		754743682CF997D700CFEAC5 /* 10X */ = {
			isa = PBXGroup;
			children = (
				7547435B2CF997D700CFEAC5 /* Headers */,
				754743622CF997D700CFEAC5 /* Sources */,
				754743672CF997D700CFEAC5 /* Unit Tests */,
			);
			path = 10X;
			sourceTree = "<group>";
		};
		754743692CF997D700CFEAC5 /* Skorowidz */ = {
			isa = PBXGroup;
			children = (
				754743682CF997D700CFEAC5 /* 10X */,
			);
			path = Skorowidz;
			sourceTree = "<group>";
		};
		7547436A2CF997D700CFEAC5 /* Skorowidz */ = {
			isa = PBXGroup;
			children = (
				754743692CF997D700CFEAC5 /* Skorowidz */,
			);
			path = Skorowidz;
			sourceTree = "<group>";
		};
		754743702CF997D700CFEAC5 /* Skorowidz_JIMP1-master */ = {
			isa = PBXGroup;
			children = (
				7547436A2CF997D700CFEAC5 /* Skorowidz */,
				7547436B2CF997D700CFEAC5 /* .gitignore */,
				7547436C2CF997D700CFEAC5 /* CMakeLists.txt */,
				7547436D2CF997D700CFEAC5 /* LICENSE */,
				7547436E2CF997D700CFEAC5 /* README.md */,
				7547436F2CF997D700CFEAC5 /* skorowidz.c */,
				754743862CF9995C00CFEAC5 /* dane.3 */,
			);
			path = "Skorowidz_JIMP1-master";
			sourceTree = "<group>";
		};
		75C7A7D12D0070A200AE2094 /* Headers */ = {
			isa = PBXGroup;
			children = (
				75C7A7CA2D0070A200AE2094 /* compare.h */,
				75C7A7CB2D0070A200AE2094 /* fifo_t.h */,
				75C7A7CC2D0070A200AE2094 /* kw_t.h */,
				75C7A7CD2D0070A200AE2094 /* load_file.h */,
				75C7A7CE2D0070A200AE2094 /* search.h */,
				75C7A7CF2D0070A200AE2094 /* sort.h */,
				75C7A7D02D0070A200AE2094 /* test.h */,
			);
			path = Headers;
			sourceTree = "<group>";
		};
		75C7A7D82D0070A200AE2094 /* Sources */ = {
			isa = PBXGroup;
			children = (
				75C7A7D22D0070A200AE2094 /* compare.c */,
				75C7A7D32D0070A200AE2094 /* fifo_t.c */,
				75C7A7D42D0070A200AE2094 /* kw_t.c */,
				75C7A7D52D0070A200AE2094 /* load_file.c */,
				75C7A7D62D0070A200AE2094 /* search.c */,
				75C7A7D72D0070A200AE2094 /* sort.c */,
			);
			path = Sources;
			sourceTree = "<group>";
		};
		75C7A7DD2D0070A200AE2094 /* Unit Tests */ = {
			isa = PBXGroup;
			children = (
				75C7A7D92D0070A200AE2094 /* compare_test.c */,
				75C7A7DA2D0070A200AE2094 /* fifo_t.c */,
				75C7A7DB2D0070A200AE2094 /* kw_t_test.c */,
				75C7A7DC2D0070A200AE2094 /* test.c */,
			);
			path = "Unit Tests";
			sourceTree = "<group>";
		};
		75C7A7DE2D0070A200AE2094 /* 10X */ = {
			isa = PBXGroup;
			children = (
				75C7A7D12D0070A200AE2094 /* Headers */,
				75C7A7D82D0070A200AE2094 /* Sources */,
				75C7A7DD2D0070A200AE2094 /* Unit Tests */,
			);
			path = 10X;
			sourceTree = "<group>";
		};
		75C7A7DF2D0070A200AE2094 /* Skorowidz */ = {
			isa = PBXGroup;
			children = (
				75C7A7DE2D0070A200AE2094 /* 10X */,
			);
			name = Skorowidz;
			path = "Skorowidz_JIMP1-master/Skorowidz/Skorowidz";
			sourceTree = "<group>";
		};
/* End PBXGroup section */

/* Begin PBXNativeTarget section */
		754743492CF997CB00CFEAC5 /* Skorowidz */ = {
			isa = PBXNativeTarget;
			buildConfigurationList = 754743512CF997CB00CFEAC5 /* Build configuration list for PBXNativeTarget "Skorowidz" */;
			buildPhases = (
				754743462CF997CB00CFEAC5 /* Sources */,
				754743472CF997CB00CFEAC5 /* Frameworks */,
				754743482CF997CB00CFEAC5 /* CopyFiles */,
			);
			buildRules = (
			);
			dependencies = (
			);
			name = Skorowidz;
			packageProductDependencies = (
			);
			productName = Skorowidz;
			productReference = 7547434A2CF997CB00CFEAC5 /* Skorowidz */;
			productType = "com.apple.product-type.tool";
		};
/* End PBXNativeTarget section */

/* Begin PBXProject section */
		754743422CF997CB00CFEAC5 /* Project object */ = {
			isa = PBXProject;
			attributes = {
				BuildIndependentTargetsInParallel = 1;
				LastUpgradeCheck = 1610;
				TargetAttributes = {
					754743492CF997CB00CFEAC5 = {
						CreatedOnToolsVersion = 16.1;
					};
				};
			};
			buildConfigurationList = 754743452CF997CB00CFEAC5 /* Build configuration list for PBXProject "Skorowidz" */;
			developmentRegion = en;
			hasScannedForEncodings = 0;
			knownRegions = (
				en,
				Base,
			);
			mainGroup = 754743412CF997CB00CFEAC5;
			minimizedProjectReferenceProxies = 1;
			preferredProjectObjectVersion = 77;
			productRefGroup = 7547434B2CF997CB00CFEAC5 /* Products */;
			projectDirPath = "";
			projectRoot = "";
			targets = (
				754743492CF997CB00CFEAC5 /* Skorowidz */,
			);
		};
/* End PBXProject section */

/* Begin PBXSourcesBuildPhase section */
		754743462CF997CB00CFEAC5 /* Sources */ = {
			isa = PBXSourcesBuildPhase;
			buildActionMask = 2147483647;
			files = (
				7547437E2CF9980A00CFEAC5 /* fifo_t.c in Sources */,
				7547437F2CF9980A00CFEAC5 /* kw_t.c in Sources */,
				754743802CF9980A00CFEAC5 /* load_file.c in Sources */,
				754743812CF9980A00CFEAC5 /* search.c in Sources */,
				754743822CF9980A00CFEAC5 /* sort.c in Sources */,
				7547437D2CF9980400CFEAC5 /* compare.c in Sources */,
				7547437C2CF9980000CFEAC5 /* skorowidz.c in Sources */,
			);
			runOnlyForDeploymentPostprocessing = 0;
		};
/* End PBXSourcesBuildPhase section */

/* Begin XCBuildConfiguration section */
		7547434F2CF997CB00CFEAC5 /* Debug */ = {
			isa = XCBuildConfiguration;
			buildSettings = {
				ALWAYS_SEARCH_USER_PATHS = NO;
				ASSETCATALOG_COMPILER_GENERATE_SWIFT_ASSET_SYMBOL_EXTENSIONS = YES;
				CLANG_ANALYZER_NONNULL = YES;
				CLANG_ANALYZER_NUMBER_OBJECT_CONVERSION = YES_AGGRESSIVE;
				CLANG_CXX_LANGUAGE_STANDARD = "gnu++20";
				CLANG_ENABLE_MODULES = YES;
				CLANG_ENABLE_OBJC_ARC = YES;
				CLANG_ENABLE_OBJC_WEAK = YES;
				CLANG_WARN_BLOCK_CAPTURE_AUTORELEASING = YES;
				CLANG_WARN_BOOL_CONVERSION = YES;
				CLANG_WARN_COMMA = YES;
				CLANG_WARN_CONSTANT_CONVERSION = YES;
				CLANG_WARN_DEPRECATED_OBJC_IMPLEMENTATIONS = YES;
				CLANG_WARN_DIRECT_OBJC_ISA_USAGE = YES_ERROR;
				CLANG_WARN_DOCUMENTATION_COMMENTS = YES;
				CLANG_WARN_EMPTY_BODY = YES;
				CLANG_WARN_ENUM_CONVERSION = YES;
				CLANG_WARN_INFINITE_RECURSION = YES;
				CLANG_WARN_INT_CONVERSION = YES;
				CLANG_WARN_NON_LITERAL_NULL_CONVERSION = YES;
				CLANG_WARN_OBJC_IMPLICIT_RETAIN_SELF = YES;
				CLANG_WARN_OBJC_LITERAL_CONVERSION = YES;
				CLANG_WARN_OBJC_ROOT_CLASS = YES_ERROR;
				CLANG_WARN_QUOTED_INCLUDE_IN_FRAMEWORK_HEADER = YES;
				CLANG_WARN_RANGE_LOOP_ANALYSIS = YES;
				CLANG_WARN_STRICT_PROTOTYPES = YES;
				CLANG_WARN_SUSPICIOUS_MOVE = YES;
				CLANG_WARN_UNGUARDED_AVAILABILITY = YES_AGGRESSIVE;
				CLANG_WARN_UNREACHABLE_CODE = YES;
				CLANG_WARN__DUPLICATE_METHOD_MATCH = YES;
				COPY_PHASE_STRIP = NO;
				DEBUG_INFORMATION_FORMAT = dwarf;
				ENABLE_STRICT_OBJC_MSGSEND = YES;
				ENABLE_TESTABILITY = YES;
				ENABLE_USER_SCRIPT_SANDBOXING = YES;
				GCC_C_LANGUAGE_STANDARD = gnu17;
				GCC_DYNAMIC_NO_PIC = NO;
				GCC_NO_COMMON_BLOCKS = YES;
				GCC_OPTIMIZATION_LEVEL = 0;
				GCC_PREPROCESSOR_DEFINITIONS = (
					"DEBUG=1",
					"$(inherited)",
				);
				GCC_WARN_64_TO_32_BIT_CONVERSION = YES;
				GCC_WARN_ABOUT_RETURN_TYPE = YES_ERROR;
				GCC_WARN_UNDECLARED_SELECTOR = YES;
				GCC_WARN_UNINITIALIZED_AUTOS = YES_AGGRESSIVE;
				GCC_WARN_UNUSED_FUNCTION = YES;
				GCC_WARN_UNUSED_VARIABLE = YES;
				LOCALIZATION_PREFERS_STRING_CATALOGS = YES;
				MACOSX_DEPLOYMENT_TARGET = 15.1;
				MTL_ENABLE_DEBUG_INFO = INCLUDE_SOURCE;
				MTL_FAST_MATH = YES;
				ONLY_ACTIVE_ARCH = YES;
				SDKROOT = macosx;
			};
			name = Debug;
		};
		754743502CF997CB00CFEAC5 /* Release */ = {
			isa = XCBuildConfiguration;
			buildSettings = {
				ALWAYS_SEARCH_USER_PATHS = NO;
				ASSETCATALOG_COMPILER_GENERATE_SWIFT_ASSET_SYMBOL_EXTENSIONS = YES;
				CLANG_ANALYZER_NONNULL = YES;
				CLANG_ANALYZER_NUMBER_OBJECT_CONVERSION = YES_AGGRESSIVE;
				CLANG_CXX_LANGUAGE_STANDARD = "gnu++20";
				CLANG_ENABLE_MODULES = YES;
				CLANG_ENABLE_OBJC_ARC = YES;
				CLANG_ENABLE_OBJC_WEAK = YES;
				CLANG_WARN_BLOCK_CAPTURE_AUTORELEASING = YES;
				CLANG_WARN_BOOL_CONVERSION = YES;
				CLANG_WARN_COMMA = YES;
				CLANG_WARN_CONSTANT_CONVERSION = YES;
				CLANG_WARN_DEPRECATED_OBJC_IMPLEMENTATIONS = YES;
				CLANG_WARN_DIRECT_OBJC_ISA_USAGE = YES_ERROR;
				CLANG_WARN_DOCUMENTATION_COMMENTS = YES;
				CLANG_WARN_EMPTY_BODY = YES;
				CLANG_WARN_ENUM_CONVERSION = YES;
				CLANG_WARN_INFINITE_RECURSION = YES;
				CLANG_WARN_INT_CONVERSION = YES;
				CLANG_WARN_NON_LITERAL_NULL_CONVERSION = YES;
				CLANG_WARN_OBJC_IMPLICIT_RETAIN_SELF = YES;
				CLANG_WARN_OBJC_LITERAL_CONVERSION = YES;
				CLANG_WARN_OBJC_ROOT_CLASS = YES_ERROR;
				CLANG_WARN_QUOTED_INCLUDE_IN_FRAMEWORK_HEADER = YES;
				CLANG_WARN_RANGE_LOOP_ANALYSIS = YES;
				CLANG_WARN_STRICT_PROTOTYPES = YES;
				CLANG_WARN_SUSPICIOUS_MOVE = YES;
				CLANG_WARN_UNGUARDED_AVAILABILITY = YES_AGGRESSIVE;
				CLANG_WARN_UNREACHABLE_CODE = YES;
				CLANG_WARN__DUPLICATE_METHOD_MATCH = YES;
				COPY_PHASE_STRIP = NO;
				DEBUG_INFORMATION_FORMAT = "dwarf-with-dsym";
				ENABLE_NS_ASSERTIONS = NO;
				ENABLE_STRICT_OBJC_MSGSEND = YES;
				ENABLE_USER_SCRIPT_SANDBOXING = YES;
				GCC_C_LANGUAGE_STANDARD = gnu17;
				GCC_NO_COMMON_BLOCKS = YES;
				GCC_WARN_64_TO_32_BIT_CONVERSION = YES;
				GCC_WARN_ABOUT_RETURN_TYPE = YES_ERROR;
				GCC_WARN_UNDECLARED_SELECTOR = YES;
				GCC_WARN_UNINITIALIZED_AUTOS = YES_AGGRESSIVE;
				GCC_WARN_UNUSED_FUNCTION = YES;
				GCC_WARN_UNUSED_VARIABLE = YES;
				LOCALIZATION_PREFERS_STRING_CATALOGS = YES;
				MACOSX_DEPLOYMENT_TARGET = 15.1;
				MTL_ENABLE_DEBUG_INFO = NO;
				MTL_FAST_MATH = YES;
				SDKROOT = macosx;
			};
			name = Release;
		};
		754743522CF997CB00CFEAC5 /* Debug */ = {
			isa = XCBuildConfiguration;
			buildSettings = {
				CODE_SIGN_STYLE = Automatic;
				DEVELOPMENT_TEAM = ZRH6YC85MT;
				ENABLE_HARDENED_RUNTIME = YES;
				PRODUCT_NAME = "$(TARGET_NAME)";
			};
			name = Debug;
		};
		754743532CF997CB00CFEAC5 /* Release */ = {
			isa = XCBuildConfiguration;
			buildSettings = {
				CODE_SIGN_STYLE = Automatic;
				DEVELOPMENT_TEAM = ZRH6YC85MT;
				ENABLE_HARDENED_RUNTIME = YES;
				PRODUCT_NAME = "$(TARGET_NAME)";
			};
			name = Release;
		};
/* End XCBuildConfiguration section */

/* Begin XCConfigurationList section */
		754743452CF997CB00CFEAC5 /* Build configuration list for PBXProject "Skorowidz" */ = {
			isa = XCConfigurationList;
			buildConfigurations = (
				7547434F2CF997CB00CFEAC5 /* Debug */,
				754743502CF997CB00CFEAC5 /* Release */,
			);
			defaultConfigurationIsVisible = 0;
			defaultConfigurationName = Release;
		};
		754743512CF997CB00CFEAC5 /* Build configuration list for PBXNativeTarget "Skorowidz" */ = {
			isa = XCConfigurationList;
			buildConfigurations = (
				754743522CF997CB00CFEAC5 /* Debug */,
				754743532CF997CB00CFEAC5 /* Release */,
			);
			defaultConfigurationIsVisible = 0;
			defaultConfigurationName = Release;
		};
/* End XCConfigurationList section */
	};
	rootObject = 754743422CF997CB00CFEAC5 /* Project object */;
}
